
Microsoft Visual Studio Solution File, Format Version 11.00
# Visual Studio Version 17

Project("{8BC9CEB8-8B4A-11D0-8D11-00A0C91BC942}") = "DissonanceMeeter - Standalone Plugin", "DissonanceMeeter_StandalonePlugin.vcxproj", "{C021B36B-4A23-BC5B-3BC2-EFD2371F013C}"
	ProjectSection(ProjectDependencies) = postProject
		{7B46537C-C4FF-7C42-D7E0-E5B049225B39} = {7B46537C-C4FF-7C42-D7E0-E5B049225B39}
	EndProjectSection
EndProject
Project("{8BC9CEB8-8B4A-11D0-8D11-00A0C91BC942}") = "DissonanceMeeter - VST", "DissonanceMeeter_VST.vcxproj", "{7CE453E2-0131-F33B-7DE1-F3E99FAC49FA}"
	ProjectSection(ProjectDependencies) = postProject
		{7B46537C-C4FF-7C42-D7E0-E5B049225B39} = {7B46537C-C4FF-7C42-D7E0-E5B049225B39}
	EndProjectSection
EndProject
Project("{8BC9CEB8-8B4A-11D0-8D11-00A0C91BC942}") = "DissonanceMeeter - VST3", "DissonanceMeeter_VST3.vcxproj", "{4014F1C6-8004-CC5D-FC21-824F26736DDA}"
	ProjectSection(ProjectDependencies) = postProject
		{7B46537C-C4FF-7C42-D7E0-E5B049225B39} = {7B46537C-C4FF-7C42-D7E0-E5B049225B39}
		{44C58127-1A63-C391-3993-11B1613C5CB6} = {44C58127-1A63-C391-3993-11B1613C5CB6}
	EndProjectSection
EndProject
Project("{8BC9CEB8-8B4A-11D0-8D11-00A0C91BC942}") = "DissonanceMeeter - Shared Code", "DissonanceMeeter_SharedCode.vcxproj", "{7B46537C-C4FF-7C42-D7E0-E5B049225B39}"
EndProject
Project("{8BC9CEB8-8B4A-11D0-8D11-00A0C91BC942}") = "DissonanceMeeter - VST3 Manifest Helper", "DissonanceMeeter_VST3ManifestHelper.vcxproj", "{44C58127-1A63-C391-3993-11B1613C5CB6}"
EndProject
Global
	GlobalSection(SolutionConfigurationPlatforms) = preSolution
		Debug|x64 = Debug|x64
		Release|x64 = Release|x64
	EndGlobalSection
	GlobalSection(ProjectConfigurationPlatforms) = postSolution
		{7CE453E2-0131-F33B-7DE1-F3E99FAC49FA}.Debug|x64.ActiveCfg = Debug|x64
		{7CE453E2-0131-F33B-7DE1-F3E99FAC49FA}.Debug|x64.Build.0 = Debug|x64
		{7CE453E2-0131-F33B-7DE1-F3E99FAC49FA}.Release|x64.ActiveCfg = Release|x64
		{7CE453E2-0131-F33B-7DE1-F3E99FAC49FA}.Release|x64.Build.0 = Release|x64
		{4014F1C6-8004-CC5D-FC21-824F26736DDA}.Debug|x64.ActiveCfg = Debug|x64
		{4014F1C6-8004-CC5D-FC21-824F26736DDA}.Debug|x64.Build.0 = Debug|x64
		{4014F1C6-8004-CC5D-FC21-824F26736DDA}.Release|x64.ActiveCfg = Release|x64
		{4014F1C6-8004-CC5D-FC21-824F26736DDA}.Release|x64.Build.0 = Release|x64
		{C021B36B-4A23-BC5B-3BC2-EFD2371F013C}.Debug|x64.ActiveCfg = Debug|x64
		{C021B36B-4A23-BC5B-3BC2-EFD2371F013C}.Debug|x64.Build.0 = Debug|x64
		{C021B36B-4A23-BC5B-3BC2-EFD2371F013C}.Release|x64.ActiveCfg = Release|x64
		{C021B36B-4A23-BC5B-3BC2-EFD2371F013C}.Release|x64.Build.0 = Release|x64
		{7B46537C-C4FF-7C42-D7E0-E5B049225B39}.Debug|x64.ActiveCfg = Debug|x64
		{7B46537C-C4FF-7C42-D7E0-E5B049225B39}.Debug|x64.Build.0 = Debug|x64
		{7B46537C-C4FF-7C42-D7E0-E5B049225B39}.Release|x64.ActiveCfg = Release|x64
		{7B46537C-C4FF-7C42-D7E0-E5B049225B39}.Release|x64.Build.0 = Release|x64
		{44C58127-1A63-C391-3993-11B1613C5CB6}.Debug|x64.ActiveCfg = Debug|x64
		{44C58127-1A63-C391-3993-11B1613C5CB6}.Debug|x64.Build.0 = Debug|x64
		{44C58127-1A63-C391-3993-11B1613C5CB6}.Release|x64.ActiveCfg = Release|x64
		{44C58127-1A63-C391-3993-11B1613C5CB6}.Release|x64.Build.0 = Release|x64
	EndGlobalSection
	GlobalSection(SolutionProperties) = preSolution
		HideSolutionNode = FALSE
	EndGlobalSection
EndGlobal
